
Microsoft Visual Studio Solution File, Format Version 12.00
# Visual Studio Version 16
VisualStudioVersion = 16.0.32126.315
MinimumVisualStudioVersion = 10.0.40219.1
Project("{159641D6-6404-4A2A-AE62-294DE0FE8301}") = "ETL_Case_VisionAirport", "ETL_Case_VisionAirport\ETL_Case_VisionAirport.dtproj", "{94DD1B45-734E-4042-B9EE-08A7DF67C455}"
EndProject
Global
	GlobalSection(SolutionConfigurationPlatforms) = preSolution
		Development|Default = Development|Default
	EndGlobalSection
	GlobalSection(ProjectConfigurationPlatforms) = postSolution
		{94DD1B45-734E-4042-B9EE-08A7DF67C455}.Development|Default.ActiveCfg = Development
		{94DD1B45-734E-4042-B9EE-08A7DF67C455}.Development|Default.Build.0 = Development
	EndGlobalSection
	GlobalSection(SolutionProperties) = preSolution
		HideSolutionNode = FALSE
	EndGlobalSection
	GlobalSection(ExtensibilityGlobals) = postSolution
		SolutionGuid = {ED9B41C9-681D-40BE-8ABE-C85406899ACC}
	EndGlobalSection
EndGlobal
